<?xml version="1.0" encoding="utf-8"?>
<Project ToolsVersion="17.0" xmlns="http://schemas.microsoft.com/developer/msbuild/2003">
  <ItemGroup>
    <ClCompile Include="C:\dev\JUCE\modules\juce_audio_plugin_client\VST3\juce_VST3ManifestHelper.cpp">
      <Filter>Source Files</Filter>
    </ClCompile>
  </ItemGroup>
  <ItemGroup>
    <CustomBuild Include="C:\dev\MisCodigos\SingleMonoDelay\CMakeLists.txt" />
  </ItemGroup>
  <ItemGroup>
    <Filter Include="Source Files">
      <UniqueIdentifier>{8B59935F-DB7A-399D-9DAB-F415EC03337F}</UniqueIdentifier>
    </Filter>
  </ItemGroup>
</Project>
