
Microsoft Visual Studio Solution File, Format Version 12.00
# Visual Studio Version 17
Project("{2150E333-8FDC-42A3-9474-1A3956D46DE8}") = "CMakePredefinedTargets", "CMakePredefinedTargets", "{5D50A634-8B4B-3CB8-911D-EDD96496301A}"
EndProject
Project("{2150E333-8FDC-42A3-9474-1A3956D46DE8}") = "MiPluginDELAY", "MiPluginDELAY", "{25254C14-1A90-38C4-8688-71EB524F9827}"
EndProject
Project("{8BC9CEB8-8B4A-11D0-8D11-00A0C91BC942}") = "ALL_BUILD", "ALL_BUILD.vcxproj", "{AF14CA31-8AF5-351D-BC1D-6940FC4BC291}"
	ProjectSection(ProjectDependencies) = postProject
		{6591E47C-C4C4-3FA3-A077-AAF33FCBBB72} = {6591E47C-C4C4-3FA3-A077-AAF33FCBBB72}
		{E797310D-48D4-3478-A833-E36136F86D19} = {E797310D-48D4-3478-A833-E36136F86D19}
		{BAB5E6FE-8D8F-3F69-99BF-67E950646E5E} = {BAB5E6FE-8D8F-3F69-99BF-67E950646E5E}
		{C959EDBC-6A49-356E-9961-57E745D8098D} = {C959EDBC-6A49-356E-9961-57E745D8098D}
		{E47DB602-882A-3BBE-B616-F46603DE13A4} = {E47DB602-882A-3BBE-B616-F46603DE13A4}
	EndProjectSection
EndProject
Project("{8BC9CEB8-8B4A-11D0-8D11-00A0C91BC942}") = "INSTALL", "INSTALL.vcxproj", "{3B29E2C0-D07E-3F25-B72F-6588EEE09A23}"
	ProjectSection(ProjectDependencies) = postProject
		{AF14CA31-8AF5-351D-BC1D-6940FC4BC291} = {AF14CA31-8AF5-351D-BC1D-6940FC4BC291}
		{E47DB602-882A-3BBE-B616-F46603DE13A4} = {E47DB602-882A-3BBE-B616-F46603DE13A4}
	EndProjectSection
EndProject
Project("{8BC9CEB8-8B4A-11D0-8D11-00A0C91BC942}") = "MiPluginDELAY", "MiPluginDELAY.vcxproj", "{6591E47C-C4C4-3FA3-A077-AAF33FCBBB72}"
	ProjectSection(ProjectDependencies) = postProject
		{E47DB602-882A-3BBE-B616-F46603DE13A4} = {E47DB602-882A-3BBE-B616-F46603DE13A4}
	EndProjectSection
EndProject
Project("{8BC9CEB8-8B4A-11D0-8D11-00A0C91BC942}") = "MiPluginDELAY_All", "MiPluginDELAY_All.vcxproj", "{30E81BCB-9E91-33BE-BF4F-B4CB54992C69}"
	ProjectSection(ProjectDependencies) = postProject
		{E797310D-48D4-3478-A833-E36136F86D19} = {E797310D-48D4-3478-A833-E36136F86D19}
		{E47DB602-882A-3BBE-B616-F46603DE13A4} = {E47DB602-882A-3BBE-B616-F46603DE13A4}
	EndProjectSection
EndProject
Project("{8BC9CEB8-8B4A-11D0-8D11-00A0C91BC942}") = "MiPluginDELAY_VST3", "MiPluginDELAY_VST3.vcxproj", "{E797310D-48D4-3478-A833-E36136F86D19}"
	ProjectSection(ProjectDependencies) = postProject
		{6591E47C-C4C4-3FA3-A077-AAF33FCBBB72} = {6591E47C-C4C4-3FA3-A077-AAF33FCBBB72}
		{BAB5E6FE-8D8F-3F69-99BF-67E950646E5E} = {BAB5E6FE-8D8F-3F69-99BF-67E950646E5E}
		{C959EDBC-6A49-356E-9961-57E745D8098D} = {C959EDBC-6A49-356E-9961-57E745D8098D}
		{E47DB602-882A-3BBE-B616-F46603DE13A4} = {E47DB602-882A-3BBE-B616-F46603DE13A4}
	EndProjectSection
EndProject
Project("{8BC9CEB8-8B4A-11D0-8D11-00A0C91BC942}") = "MiPluginDELAY_rc_lib", "MiPluginDELAY_rc_lib.vcxproj", "{BAB5E6FE-8D8F-3F69-99BF-67E950646E5E}"
	ProjectSection(ProjectDependencies) = postProject
		{E47DB602-882A-3BBE-B616-F46603DE13A4} = {E47DB602-882A-3BBE-B616-F46603DE13A4}
	EndProjectSection
EndProject
Project("{8BC9CEB8-8B4A-11D0-8D11-00A0C91BC942}") = "MiPluginDELAY_vst3_helper", "MiPluginDELAY_vst3_helper.vcxproj", "{C959EDBC-6A49-356E-9961-57E745D8098D}"
	ProjectSection(ProjectDependencies) = postProject
		{E47DB602-882A-3BBE-B616-F46603DE13A4} = {E47DB602-882A-3BBE-B616-F46603DE13A4}
	EndProjectSection
EndProject
Project("{8BC9CEB8-8B4A-11D0-8D11-00A0C91BC942}") = "ZERO_CHECK", "ZERO_CHECK.vcxproj", "{E47DB602-882A-3BBE-B616-F46603DE13A4}"
	ProjectSection(ProjectDependencies) = postProject
	EndProjectSection
EndProject
Global
	GlobalSection(SolutionConfigurationPlatforms) = preSolution
		Debug|x64 = Debug|x64
		Release|x64 = Release|x64
		MinSizeRel|x64 = MinSizeRel|x64
		RelWithDebInfo|x64 = RelWithDebInfo|x64
	EndGlobalSection
	GlobalSection(ProjectConfigurationPlatforms) = postSolution
		{AF14CA31-8AF5-351D-BC1D-6940FC4BC291}.Debug|x64.ActiveCfg = Debug|x64
		{AF14CA31-8AF5-351D-BC1D-6940FC4BC291}.Debug|x64.Build.0 = Debug|x64
		{AF14CA31-8AF5-351D-BC1D-6940FC4BC291}.Release|x64.ActiveCfg = Release|x64
		{AF14CA31-8AF5-351D-BC1D-6940FC4BC291}.Release|x64.Build.0 = Release|x64
		{AF14CA31-8AF5-351D-BC1D-6940FC4BC291}.MinSizeRel|x64.ActiveCfg = MinSizeRel|x64
		{AF14CA31-8AF5-351D-BC1D-6940FC4BC291}.MinSizeRel|x64.Build.0 = MinSizeRel|x64
		{AF14CA31-8AF5-351D-BC1D-6940FC4BC291}.RelWithDebInfo|x64.ActiveCfg = RelWithDebInfo|x64
		{AF14CA31-8AF5-351D-BC1D-6940FC4BC291}.RelWithDebInfo|x64.Build.0 = RelWithDebInfo|x64
		{3B29E2C0-D07E-3F25-B72F-6588EEE09A23}.Debug|x64.ActiveCfg = Debug|x64
		{3B29E2C0-D07E-3F25-B72F-6588EEE09A23}.Release|x64.ActiveCfg = Release|x64
		{3B29E2C0-D07E-3F25-B72F-6588EEE09A23}.MinSizeRel|x64.ActiveCfg = MinSizeRel|x64
		{3B29E2C0-D07E-3F25-B72F-6588EEE09A23}.RelWithDebInfo|x64.ActiveCfg = RelWithDebInfo|x64
		{6591E47C-C4C4-3FA3-A077-AAF33FCBBB72}.Debug|x64.ActiveCfg = Debug|x64
		{6591E47C-C4C4-3FA3-A077-AAF33FCBBB72}.Debug|x64.Build.0 = Debug|x64
		{6591E47C-C4C4-3FA3-A077-AAF33FCBBB72}.Release|x64.ActiveCfg = Release|x64
		{6591E47C-C4C4-3FA3-A077-AAF33FCBBB72}.Release|x64.Build.0 = Release|x64
		{6591E47C-C4C4-3FA3-A077-AAF33FCBBB72}.MinSizeRel|x64.ActiveCfg = MinSizeRel|x64
		{6591E47C-C4C4-3FA3-A077-AAF33FCBBB72}.MinSizeRel|x64.Build.0 = MinSizeRel|x64
		{6591E47C-C4C4-3FA3-A077-AAF33FCBBB72}.RelWithDebInfo|x64.ActiveCfg = RelWithDebInfo|x64
		{6591E47C-C4C4-3FA3-A077-AAF33FCBBB72}.RelWithDebInfo|x64.Build.0 = RelWithDebInfo|x64
		{30E81BCB-9E91-33BE-BF4F-B4CB54992C69}.Debug|x64.ActiveCfg = Debug|x64
		{30E81BCB-9E91-33BE-BF4F-B4CB54992C69}.Release|x64.ActiveCfg = Release|x64
		{30E81BCB-9E91-33BE-BF4F-B4CB54992C69}.MinSizeRel|x64.ActiveCfg = MinSizeRel|x64
		{30E81BCB-9E91-33BE-BF4F-B4CB54992C69}.RelWithDebInfo|x64.ActiveCfg = RelWithDebInfo|x64
		{E797310D-48D4-3478-A833-E36136F86D19}.Debug|x64.ActiveCfg = Debug|x64
		{E797310D-48D4-3478-A833-E36136F86D19}.Debug|x64.Build.0 = Debug|x64
		{E797310D-48D4-3478-A833-E36136F86D19}.Release|x64.ActiveCfg = Release|x64
		{E797310D-48D4-3478-A833-E36136F86D19}.Release|x64.Build.0 = Release|x64
		{E797310D-48D4-3478-A833-E36136F86D19}.MinSizeRel|x64.ActiveCfg = MinSizeRel|x64
		{E797310D-48D4-3478-A833-E36136F86D19}.MinSizeRel|x64.Build.0 = MinSizeRel|x64
		{E797310D-48D4-3478-A833-E36136F86D19}.RelWithDebInfo|x64.ActiveCfg = RelWithDebInfo|x64
		{E797310D-48D4-3478-A833-E36136F86D19}.RelWithDebInfo|x64.Build.0 = RelWithDebInfo|x64
		{BAB5E6FE-8D8F-3F69-99BF-67E950646E5E}.Debug|x64.ActiveCfg = Debug|x64
		{BAB5E6FE-8D8F-3F69-99BF-67E950646E5E}.Debug|x64.Build.0 = Debug|x64
		{BAB5E6FE-8D8F-3F69-99BF-67E950646E5E}.Release|x64.ActiveCfg = Release|x64
		{BAB5E6FE-8D8F-3F69-99BF-67E950646E5E}.Release|x64.Build.0 = Release|x64
		{BAB5E6FE-8D8F-3F69-99BF-67E950646E5E}.MinSizeRel|x64.ActiveCfg = MinSizeRel|x64
		{BAB5E6FE-8D8F-3F69-99BF-67E950646E5E}.MinSizeRel|x64.Build.0 = MinSizeRel|x64
		{BAB5E6FE-8D8F-3F69-99BF-67E950646E5E}.RelWithDebInfo|x64.ActiveCfg = RelWithDebInfo|x64
		{BAB5E6FE-8D8F-3F69-99BF-67E950646E5E}.RelWithDebInfo|x64.Build.0 = RelWithDebInfo|x64
		{C959EDBC-6A49-356E-9961-57E745D8098D}.Debug|x64.ActiveCfg = Debug|x64
		{C959EDBC-6A49-356E-9961-57E745D8098D}.Debug|x64.Build.0 = Debug|x64
		{C959EDBC-6A49-356E-9961-57E745D8098D}.Release|x64.ActiveCfg = Release|x64
		{C959EDBC-6A49-356E-9961-57E745D8098D}.Release|x64.Build.0 = Release|x64
		{C959EDBC-6A49-356E-9961-57E745D8098D}.MinSizeRel|x64.ActiveCfg = MinSizeRel|x64
		{C959EDBC-6A49-356E-9961-57E745D8098D}.MinSizeRel|x64.Build.0 = MinSizeRel|x64
		{C959EDBC-6A49-356E-9961-57E745D8098D}.RelWithDebInfo|x64.ActiveCfg = RelWithDebInfo|x64
		{C959EDBC-6A49-356E-9961-57E745D8098D}.RelWithDebInfo|x64.Build.0 = RelWithDebInfo|x64
		{E47DB602-882A-3BBE-B616-F46603DE13A4}.Debug|x64.ActiveCfg = Debug|x64
		{E47DB602-882A-3BBE-B616-F46603DE13A4}.Debug|x64.Build.0 = Debug|x64
		{E47DB602-882A-3BBE-B616-F46603DE13A4}.Release|x64.ActiveCfg = Release|x64
		{E47DB602-882A-3BBE-B616-F46603DE13A4}.Release|x64.Build.0 = Release|x64
		{E47DB602-882A-3BBE-B616-F46603DE13A4}.MinSizeRel|x64.ActiveCfg = MinSizeRel|x64
		{E47DB602-882A-3BBE-B616-F46603DE13A4}.MinSizeRel|x64.Build.0 = MinSizeRel|x64
		{E47DB602-882A-3BBE-B616-F46603DE13A4}.RelWithDebInfo|x64.ActiveCfg = RelWithDebInfo|x64
		{E47DB602-882A-3BBE-B616-F46603DE13A4}.RelWithDebInfo|x64.Build.0 = RelWithDebInfo|x64
	EndGlobalSection
	GlobalSection(NestedProjects) = preSolution
		{AF14CA31-8AF5-351D-BC1D-6940FC4BC291} = {5D50A634-8B4B-3CB8-911D-EDD96496301A}
		{3B29E2C0-D07E-3F25-B72F-6588EEE09A23} = {5D50A634-8B4B-3CB8-911D-EDD96496301A}
		{E47DB602-882A-3BBE-B616-F46603DE13A4} = {5D50A634-8B4B-3CB8-911D-EDD96496301A}
		{6591E47C-C4C4-3FA3-A077-AAF33FCBBB72} = {25254C14-1A90-38C4-8688-71EB524F9827}
		{30E81BCB-9E91-33BE-BF4F-B4CB54992C69} = {25254C14-1A90-38C4-8688-71EB524F9827}
		{E797310D-48D4-3478-A833-E36136F86D19} = {25254C14-1A90-38C4-8688-71EB524F9827}
	EndGlobalSection
	GlobalSection(ExtensibilityGlobals) = postSolution
		SolutionGuid = {DEA12A0D-DDBC-3B23-84C4-89EA8A3C59F5}
	EndGlobalSection
	GlobalSection(ExtensibilityAddIns) = postSolution
	EndGlobalSection
EndGlobal
